
Microsoft Visual Studio Solution File, Format Version 12.00
# Visual Studio Version 16
VisualStudioVersion = 16.0.31424.327
MinimumVisualStudioVersion = 10.0.40219.1
Project("{FAE04EC0-301F-11D3-BF4B-00C04F79EFBC}") = "IdeoInterview", "IdeoInterview\IdeoInterview.csproj", "{B93DA01F-1443-4FDE-AFD4-E3D690796D3D}"
EndProject
Global
	GlobalSection(SolutionConfigurationPlatforms) = preSolution
		Debug|Any CPU = Debug|Any CPU
		Release|Any CPU = Release|Any CPU
	EndGlobalSection
	GlobalSection(ProjectConfigurationPlatforms) = postSolution
		{B93DA01F-1443-4FDE-AFD4-E3D690796D3D}.Debug|Any CPU.ActiveCfg = Debug|Any CPU
		{B93DA01F-1443-4FDE-AFD4-E3D690796D3D}.Debug|Any CPU.Build.0 = Debug|Any CPU
		{B93DA01F-1443-4FDE-AFD4-E3D690796D3D}.Release|Any CPU.ActiveCfg = Release|Any CPU
		{B93DA01F-1443-4FDE-AFD4-E3D690796D3D}.Release|Any CPU.Build.0 = Release|Any CPU
	EndGlobalSection
	GlobalSection(SolutionProperties) = preSolution
		HideSolutionNode = FALSE
	EndGlobalSection
	GlobalSection(ExtensibilityGlobals) = postSolution
		SolutionGuid = {1B965373-087A-4401-9167-9572C3E3747B}
	EndGlobalSection
EndGlobal
